
Microsoft Visual Studio Solution File, Format Version 12.00
# Visual Studio Version 17
VisualStudioVersion = 17.0.31903.59
MinimumVisualStudioVersion = 10.0.40219.1
Project("{2150E333-8FDC-42A3-9474-1A3956D46DE8}") = "src", "src", "{E80E0A16-2EF3-46F3-997E-983782F34DCA}"
EndProject
Project("{FAE04EC0-301F-11D3-BF4B-00C04F79EFBC}") = "Wiggle.Core", "src\Wiggle.Core\Wiggle.Core.csproj", "{F31628D9-67C1-4D54-AECC-0005C407CF24}"
EndProject
Project("{FAE04EC0-301F-11D3-BF4B-00C04F79EFBC}") = "Wiggle.Cli", "src\Wiggle.Cli\Wiggle.Cli.csproj", "{AAC11835-1864-4EEE-A4E3-144ADB27BBB8}"
EndProject
Project("{FAE04EC0-301F-11D3-BF4B-00C04F79EFBC}") = "GooseWiggle", "GooseWiggle.csproj", "{87D8A3E5-489A-40E9-ACA2-6F66E73FF689}"
EndProject
Global
	GlobalSection(SolutionConfigurationPlatforms) = preSolution
		Debug|Any CPU = Debug|Any CPU
		Release|Any CPU = Release|Any CPU
	EndGlobalSection
	GlobalSection(SolutionProperties) = preSolution
		HideSolutionNode = FALSE
	EndGlobalSection
	GlobalSection(ProjectConfigurationPlatforms) = postSolution
		{F31628D9-67C1-4D54-AECC-0005C407CF24}.Debug|Any CPU.ActiveCfg = Debug|Any CPU
		{F31628D9-67C1-4D54-AECC-0005C407CF24}.Debug|Any CPU.Build.0 = Debug|Any CPU
		{F31628D9-67C1-4D54-AECC-0005C407CF24}.Release|Any CPU.ActiveCfg = Release|Any CPU
		{F31628D9-67C1-4D54-AECC-0005C407CF24}.Release|Any CPU.Build.0 = Release|Any CPU
		{AAC11835-1864-4EEE-A4E3-144ADB27BBB8}.Debug|Any CPU.ActiveCfg = Debug|Any CPU
		{AAC11835-1864-4EEE-A4E3-144ADB27BBB8}.Debug|Any CPU.Build.0 = Debug|Any CPU
		{AAC11835-1864-4EEE-A4E3-144ADB27BBB8}.Release|Any CPU.ActiveCfg = Release|Any CPU
		{AAC11835-1864-4EEE-A4E3-144ADB27BBB8}.Release|Any CPU.Build.0 = Release|Any CPU
		{87D8A3E5-489A-40E9-ACA2-6F66E73FF689}.Debug|Any CPU.ActiveCfg = Debug|Any CPU
		{87D8A3E5-489A-40E9-ACA2-6F66E73FF689}.Debug|Any CPU.Build.0 = Debug|Any CPU
		{87D8A3E5-489A-40E9-ACA2-6F66E73FF689}.Release|Any CPU.ActiveCfg = Release|Any CPU
		{87D8A3E5-489A-40E9-ACA2-6F66E73FF689}.Release|Any CPU.Build.0 = Release|Any CPU
	EndGlobalSection
	GlobalSection(NestedProjects) = preSolution
		{F31628D9-67C1-4D54-AECC-0005C407CF24} = {E80E0A16-2EF3-46F3-997E-983782F34DCA}
		{AAC11835-1864-4EEE-A4E3-144ADB27BBB8} = {E80E0A16-2EF3-46F3-997E-983782F34DCA}
	EndGlobalSection
EndGlobal
